
Microsoft Visual Studio Solution File, Format Version 12.00
# Visual Studio Version 17
VisualStudioVersion = 17.8.34316.72
MinimumVisualStudioVersion = 10.0.40219.1
Project("{FAE04EC0-301F-11D3-BF4B-00C04F79EFBC}") = "WinFormsApp6", "WinFormsApp6\WinFormsApp6.csproj", "{AF9CF5D9-25E9-4DAA-86BD-2597CE29E205}"
EndProject
Global
	GlobalSection(SolutionConfigurationPlatforms) = preSolution
		Debug|Any CPU = Debug|Any CPU
		Release|Any CPU = Release|Any CPU
	EndGlobalSection
	GlobalSection(ProjectConfigurationPlatforms) = postSolution
		{AF9CF5D9-25E9-4DAA-86BD-2597CE29E205}.Debug|Any CPU.ActiveCfg = Debug|Any CPU
		{AF9CF5D9-25E9-4DAA-86BD-2597CE29E205}.Debug|Any CPU.Build.0 = Debug|Any CPU
		{AF9CF5D9-25E9-4DAA-86BD-2597CE29E205}.Release|Any CPU.ActiveCfg = Release|Any CPU
		{AF9CF5D9-25E9-4DAA-86BD-2597CE29E205}.Release|Any CPU.Build.0 = Release|Any CPU
	EndGlobalSection
	GlobalSection(SolutionProperties) = preSolution
		HideSolutionNode = FALSE
	EndGlobalSection
	GlobalSection(ExtensibilityGlobals) = postSolution
		SolutionGuid = {F55AF627-538B-4320-B210-905F6FA5413A}
	EndGlobalSection
EndGlobal
